
Microsoft Visual Studio Solution File, Format Version 12.00
# Visual Studio Version 17
VisualStudioVersion = 17.10.34928.147
MinimumVisualStudioVersion = 10.0.40219.1
Project("{FAE04EC0-301F-11D3-BF4B-00C04F79EFBC}") = "SimpleSqlClieentApp", "SimpleSqlClieentApp\SimpleSqlClieentApp.csproj", "{685C384D-3741-4CD6-ACE9-D70087E9BA9F}"
EndProject
Global
	GlobalSection(SolutionConfigurationPlatforms) = preSolution
		Debug|Any CPU = Debug|Any CPU
		Release|Any CPU = Release|Any CPU
	EndGlobalSection
	GlobalSection(ProjectConfigurationPlatforms) = postSolution
		{685C384D-3741-4CD6-ACE9-D70087E9BA9F}.Debug|Any CPU.ActiveCfg = Debug|Any CPU
		{685C384D-3741-4CD6-ACE9-D70087E9BA9F}.Debug|Any CPU.Build.0 = Debug|Any CPU
		{685C384D-3741-4CD6-ACE9-D70087E9BA9F}.Release|Any CPU.ActiveCfg = Release|Any CPU
		{685C384D-3741-4CD6-ACE9-D70087E9BA9F}.Release|Any CPU.Build.0 = Release|Any CPU
	EndGlobalSection
	GlobalSection(SolutionProperties) = preSolution
		HideSolutionNode = FALSE
	EndGlobalSection
	GlobalSection(ExtensibilityGlobals) = postSolution
		SolutionGuid = {16E866FB-454A-4604-9BE5-7674D4700A24}
	EndGlobalSection
EndGlobal
